
Microsoft Visual Studio Solution File, Format Version 12.00
# Visual Studio Version 17
VisualStudioVersion = 17.11.35327.3
MinimumVisualStudioVersion = 10.0.40219.1
Project("{FAE04EC0-301F-11D3-BF4B-00C04F79EFBC}") = "ConsumoAPI_Disney", "ConsumoAPI_Disney\ConsumoAPI_Disney.csproj", "{C41E2472-60DF-4AC6-AFAF-22C4B70E7D04}"
EndProject
Global
	GlobalSection(SolutionConfigurationPlatforms) = preSolution
		Debug|Any CPU = Debug|Any CPU
		Release|Any CPU = Release|Any CPU
	EndGlobalSection
	GlobalSection(ProjectConfigurationPlatforms) = postSolution
		{C41E2472-60DF-4AC6-AFAF-22C4B70E7D04}.Debug|Any CPU.ActiveCfg = Debug|Any CPU
		{C41E2472-60DF-4AC6-AFAF-22C4B70E7D04}.Debug|Any CPU.Build.0 = Debug|Any CPU
		{C41E2472-60DF-4AC6-AFAF-22C4B70E7D04}.Release|Any CPU.ActiveCfg = Release|Any CPU
		{C41E2472-60DF-4AC6-AFAF-22C4B70E7D04}.Release|Any CPU.Build.0 = Release|Any CPU
	EndGlobalSection
	GlobalSection(SolutionProperties) = preSolution
		HideSolutionNode = FALSE
	EndGlobalSection
	GlobalSection(ExtensibilityGlobals) = postSolution
		SolutionGuid = {7C42F3A1-D176-4966-BA7F-E7230941A765}
	EndGlobalSection
EndGlobal
